
Microsoft Visual Studio Solution File, Format Version 12.00
# Visual Studio Version 16
VisualStudioVersion = 16.0.30413.136
MinimumVisualStudioVersion = 10.0.40219.1
Project("{FAE04EC0-301F-11D3-BF4B-00C04F79EFBC}") = "dropbox07", "dropbox07.csproj", "{1742E21F-2D38-41C0-9A88-1C659C41F540}"
EndProject
Global
	GlobalSection(SolutionConfigurationPlatforms) = preSolution
		Debug|Any CPU = Debug|Any CPU
		Release|Any CPU = Release|Any CPU
	EndGlobalSection
	GlobalSection(ProjectConfigurationPlatforms) = postSolution
		{1742E21F-2D38-41C0-9A88-1C659C41F540}.Debug|Any CPU.ActiveCfg = Debug|Any CPU
		{1742E21F-2D38-41C0-9A88-1C659C41F540}.Debug|Any CPU.Build.0 = Debug|Any CPU
		{1742E21F-2D38-41C0-9A88-1C659C41F540}.Release|Any CPU.ActiveCfg = Release|Any CPU
		{1742E21F-2D38-41C0-9A88-1C659C41F540}.Release|Any CPU.Build.0 = Release|Any CPU
	EndGlobalSection
	GlobalSection(SolutionProperties) = preSolution
		HideSolutionNode = FALSE
	EndGlobalSection
	GlobalSection(ExtensibilityGlobals) = postSolution
		SolutionGuid = {6E896A14-B28A-4278-9497-57379DEA9347}
	EndGlobalSection
EndGlobal
